
Microsoft Visual Studio Solution File, Format Version 12.00
# Visual Studio Version 16
VisualStudioVersion = 16.0.28803.156
MinimumVisualStudioVersion = 10.0.40219.1
Project("{FAE04EC0-301F-11D3-BF4B-00C04F79EFBC}") = "Simple Texteditor", "Simple Texteditor\Simple Texteditor.csproj", "{1E8F0646-EBEF-4752-BE0B-B96EDF23BCCA}"
EndProject
Global
	GlobalSection(SolutionConfigurationPlatforms) = preSolution
		Debug|Any CPU = Debug|Any CPU
		Release|Any CPU = Release|Any CPU
	EndGlobalSection
	GlobalSection(ProjectConfigurationPlatforms) = postSolution
		{1E8F0646-EBEF-4752-BE0B-B96EDF23BCCA}.Debug|Any CPU.ActiveCfg = Debug|Any CPU
		{1E8F0646-EBEF-4752-BE0B-B96EDF23BCCA}.Debug|Any CPU.Build.0 = Debug|Any CPU
		{1E8F0646-EBEF-4752-BE0B-B96EDF23BCCA}.Release|Any CPU.ActiveCfg = Release|Any CPU
		{1E8F0646-EBEF-4752-BE0B-B96EDF23BCCA}.Release|Any CPU.Build.0 = Release|Any CPU
	EndGlobalSection
	GlobalSection(SolutionProperties) = preSolution
		HideSolutionNode = FALSE
	EndGlobalSection
	GlobalSection(ExtensibilityGlobals) = postSolution
		SolutionGuid = {E6D975C0-1E4F-45AA-8158-9B443FDA493A}
	EndGlobalSection
EndGlobal
